
Microsoft Visual Studio Solution File, Format Version 12.00
# Visual Studio 15
Project("{FAE04EC0-301F-11D3-BF4B-00C04F79EFBC}") = "Assembly-CSharp", "Assembly-CSharp.csproj", "{A9D9BCDD-FF93-BD47-3EE0-2D65224902E6}"
EndProject
Project("{FAE04EC0-301F-11D3-BF4B-00C04F79EFBC}") = "Assembly-CSharp-Editor", "Assembly-CSharp-Editor.csproj", "{D3F5F9D7-C578-B5C4-5D8F-153B6951D0D9}"
EndProject
Global
	GlobalSection(SolutionConfigurationPlatforms) = preSolution
		Debug|Any CPU = Debug|Any CPU
		Release|Any CPU = Release|Any CPU
	EndGlobalSection
	GlobalSection(ProjectConfigurationPlatforms) = postSolution
		{A9D9BCDD-FF93-BD47-3EE0-2D65224902E6}.Debug|Any CPU.ActiveCfg = Debug|Any CPU
		{A9D9BCDD-FF93-BD47-3EE0-2D65224902E6}.Debug|Any CPU.Build.0 = Debug|Any CPU
		{A9D9BCDD-FF93-BD47-3EE0-2D65224902E6}.Release|Any CPU.ActiveCfg = Release|Any CPU
		{A9D9BCDD-FF93-BD47-3EE0-2D65224902E6}.Release|Any CPU.Build.0 = Release|Any CPU
		{D3F5F9D7-C578-B5C4-5D8F-153B6951D0D9}.Debug|Any CPU.ActiveCfg = Debug|Any CPU
		{D3F5F9D7-C578-B5C4-5D8F-153B6951D0D9}.Debug|Any CPU.Build.0 = Debug|Any CPU
		{D3F5F9D7-C578-B5C4-5D8F-153B6951D0D9}.Release|Any CPU.ActiveCfg = Release|Any CPU
		{D3F5F9D7-C578-B5C4-5D8F-153B6951D0D9}.Release|Any CPU.Build.0 = Release|Any CPU
	EndGlobalSection
	GlobalSection(SolutionProperties) = preSolution
		HideSolutionNode = FALSE
	EndGlobalSection
EndGlobal
